
Microsoft Visual Studio Solution File, Format Version 12.00
# Visual Studio 15
VisualStudioVersion = 15.0.26430.6
MinimumVisualStudioVersion = 10.0.40219.1
Project("{FAE04EC0-301F-11D3-BF4B-00C04F79EFBC}") = "SpaceshipSystemControls", "SpaceshipSystemControls\SpaceshipSystemControls.csproj", "{834694E3-EEBE-4083-990E-0664F935B250}"
EndProject
Project("{FAE04EC0-301F-11D3-BF4B-00C04F79EFBC}") = "GameData", "GameData\GameData.csproj", "{4C1A478D-9E6D-4EB9-AA46-86F0BEED0527}"
EndProject
Global
	GlobalSection(SolutionConfigurationPlatforms) = preSolution
		Debug|Any CPU = Debug|Any CPU
		Release|Any CPU = Release|Any CPU
	EndGlobalSection
	GlobalSection(ProjectConfigurationPlatforms) = postSolution
		{834694E3-EEBE-4083-990E-0664F935B250}.Debug|Any CPU.ActiveCfg = Debug|Any CPU
		{834694E3-EEBE-4083-990E-0664F935B250}.Debug|Any CPU.Build.0 = Debug|Any CPU
		{834694E3-EEBE-4083-990E-0664F935B250}.Release|Any CPU.ActiveCfg = Release|Any CPU
		{834694E3-EEBE-4083-990E-0664F935B250}.Release|Any CPU.Build.0 = Release|Any CPU
		{4C1A478D-9E6D-4EB9-AA46-86F0BEED0527}.Debug|Any CPU.ActiveCfg = Debug|Any CPU
		{4C1A478D-9E6D-4EB9-AA46-86F0BEED0527}.Debug|Any CPU.Build.0 = Debug|Any CPU
		{4C1A478D-9E6D-4EB9-AA46-86F0BEED0527}.Release|Any CPU.ActiveCfg = Release|Any CPU
		{4C1A478D-9E6D-4EB9-AA46-86F0BEED0527}.Release|Any CPU.Build.0 = Release|Any CPU
	EndGlobalSection
	GlobalSection(SolutionProperties) = preSolution
		HideSolutionNode = FALSE
	EndGlobalSection
EndGlobal
